
Microsoft Visual Studio Solution File, Format Version 12.00
# Visual Studio Version 16
VisualStudioVersion = 16.0.32228.343
MinimumVisualStudioVersion = 10.0.40219.1
Project("{FAE04EC0-301F-11D3-BF4B-00C04F79EFBC}") = "BanditSaoriVoiceover", "BanditSaoriVoiceover\BanditSaoriVoiceover.csproj", "{0E979C1B-6FA0-45CC-8870-B8B6BEE41A21}"
EndProject
Global
	GlobalSection(SolutionConfigurationPlatforms) = preSolution
		Debug|Any CPU = Debug|Any CPU
		Release|Any CPU = Release|Any CPU
	EndGlobalSection
	GlobalSection(ProjectConfigurationPlatforms) = postSolution
		{0E979C1B-6FA0-45CC-8870-B8B6BEE41A21}.Debug|Any CPU.ActiveCfg = Debug|Any CPU
		{0E979C1B-6FA0-45CC-8870-B8B6BEE41A21}.Debug|Any CPU.Build.0 = Debug|Any CPU
		{0E979C1B-6FA0-45CC-8870-B8B6BEE41A21}.Release|Any CPU.ActiveCfg = Release|Any CPU
		{0E979C1B-6FA0-45CC-8870-B8B6BEE41A21}.Release|Any CPU.Build.0 = Release|Any CPU
	EndGlobalSection
	GlobalSection(SolutionProperties) = preSolution
		HideSolutionNode = FALSE
	EndGlobalSection
	GlobalSection(ExtensibilityGlobals) = postSolution
		SolutionGuid = {6A425D70-32E0-482D-90FF-233CABA62F2F}
	EndGlobalSection
EndGlobal
